
Microsoft Visual Studio Solution File, Format Version 12.00
# Visual Studio Version 17
VisualStudioVersion = 17.4.33205.214
MinimumVisualStudioVersion = 10.0.40219.1
Project("{9A19103F-16F7-4668-BE54-9A1E7A4F7556}") = "LibraryWeb.Core", "LibraryWeb.Core\LibraryWeb.Core.csproj", "{01477762-2156-4490-BC91-AC3355351ABB}"
EndProject
Project("{9A19103F-16F7-4668-BE54-9A1E7A4F7556}") = "LibraryWeb.Sql", "LibraryWeb.Sql\LibraryWeb.Sql.csproj", "{68931511-7D7B-4708-A345-A43FC4A27979}"
EndProject
Project("{9A19103F-16F7-4668-BE54-9A1E7A4F7556}") = "LibraryWeb.Integrations", "LibraryWeb.Integrations\LibraryWeb.Integrations.csproj", "{FE1E17C4-E9DD-46C7-A5C8-BF3C27065E9C}"
EndProject
Project("{9A19103F-16F7-4668-BE54-9A1E7A4F7556}") = "LibraryWeb.UnitTests", "LibraryWeb.UnitTests\LibraryWeb.UnitTests.csproj", "{B0F1CF7F-D367-444B-9459-BF205B241407}"
EndProject
Project("{FAE04EC0-301F-11D3-BF4B-00C04F79EFBC}") = "LibraryWeb.IntegrationsTests", "LibraryWeb.IntegrationsTests\LibraryWeb.IntegrationsTests.csproj", "{EFDE0A49-B45A-4E8B-98D6-85256202BCDF}"
EndProject
Global
	GlobalSection(SolutionConfigurationPlatforms) = preSolution
		Debug|Any CPU = Debug|Any CPU
		Release|Any CPU = Release|Any CPU
	EndGlobalSection
	GlobalSection(ProjectConfigurationPlatforms) = postSolution
		{01477762-2156-4490-BC91-AC3355351ABB}.Debug|Any CPU.ActiveCfg = Debug|Any CPU
		{01477762-2156-4490-BC91-AC3355351ABB}.Debug|Any CPU.Build.0 = Debug|Any CPU
		{01477762-2156-4490-BC91-AC3355351ABB}.Release|Any CPU.ActiveCfg = Release|Any CPU
		{01477762-2156-4490-BC91-AC3355351ABB}.Release|Any CPU.Build.0 = Release|Any CPU
		{68931511-7D7B-4708-A345-A43FC4A27979}.Debug|Any CPU.ActiveCfg = Debug|Any CPU
		{68931511-7D7B-4708-A345-A43FC4A27979}.Debug|Any CPU.Build.0 = Debug|Any CPU
		{68931511-7D7B-4708-A345-A43FC4A27979}.Release|Any CPU.ActiveCfg = Release|Any CPU
		{68931511-7D7B-4708-A345-A43FC4A27979}.Release|Any CPU.Build.0 = Release|Any CPU
		{FE1E17C4-E9DD-46C7-A5C8-BF3C27065E9C}.Debug|Any CPU.ActiveCfg = Debug|Any CPU
		{FE1E17C4-E9DD-46C7-A5C8-BF3C27065E9C}.Debug|Any CPU.Build.0 = Debug|Any CPU
		{FE1E17C4-E9DD-46C7-A5C8-BF3C27065E9C}.Release|Any CPU.ActiveCfg = Release|Any CPU
		{FE1E17C4-E9DD-46C7-A5C8-BF3C27065E9C}.Release|Any CPU.Build.0 = Release|Any CPU
		{B0F1CF7F-D367-444B-9459-BF205B241407}.Debug|Any CPU.ActiveCfg = Debug|Any CPU
		{B0F1CF7F-D367-444B-9459-BF205B241407}.Debug|Any CPU.Build.0 = Debug|Any CPU
		{B0F1CF7F-D367-444B-9459-BF205B241407}.Release|Any CPU.ActiveCfg = Release|Any CPU
		{B0F1CF7F-D367-444B-9459-BF205B241407}.Release|Any CPU.Build.0 = Release|Any CPU
		{EFDE0A49-B45A-4E8B-98D6-85256202BCDF}.Debug|Any CPU.ActiveCfg = Debug|Any CPU
		{EFDE0A49-B45A-4E8B-98D6-85256202BCDF}.Debug|Any CPU.Build.0 = Debug|Any CPU
		{EFDE0A49-B45A-4E8B-98D6-85256202BCDF}.Release|Any CPU.ActiveCfg = Release|Any CPU
		{EFDE0A49-B45A-4E8B-98D6-85256202BCDF}.Release|Any CPU.Build.0 = Release|Any CPU
	EndGlobalSection
	GlobalSection(SolutionProperties) = preSolution
		HideSolutionNode = FALSE
	EndGlobalSection
	GlobalSection(ExtensibilityGlobals) = postSolution
		SolutionGuid = {46C81282-A4E2-457F-B0B0-35BD98C75668}
	EndGlobalSection
EndGlobal
