
Microsoft Visual Studio Solution File, Format Version 12.00
# Visual Studio Version 17
VisualStudioVersion = 17.4.33205.214
MinimumVisualStudioVersion = 10.0.40219.1
Project("{9A19103F-16F7-4668-BE54-9A1E7A4F7556}") = "LibraryWeb.Core", "LibraryWeb.Core.csproj", "{DE99DD9A-BDC3-42A8-B67A-883093036F5C}"
EndProject
Project("{9A19103F-16F7-4668-BE54-9A1E7A4F7556}") = "LibraryWeb.Sql", "..\LibraryWeb.Sql\LibraryWeb.Sql.csproj", "{CA3D3A30-19C4-4B11-9D4B-D851BD9D9B09}"
EndProject
Project("{9A19103F-16F7-4668-BE54-9A1E7A4F7556}") = "LibraryWeb.Integrations", "..\LibraryWeb.Integrations\LibraryWeb.Integrations.csproj", "{2E239CC2-F18E-4CB2-A1D0-EBFF3C968FC3}"
EndProject
Project("{FAE04EC0-301F-11D3-BF4B-00C04F79EFBC}") = "LibraryWeb.IntegrationTest", "..\LibraryWeb.IntegrationTest\LibraryWeb.IntegrationTest.csproj", "{7025F65F-23C1-468F-8C99-666A3B583DA3}"
EndProject
Global
	GlobalSection(SolutionConfigurationPlatforms) = preSolution
		Debug|Any CPU = Debug|Any CPU
		Release|Any CPU = Release|Any CPU
	EndGlobalSection
	GlobalSection(ProjectConfigurationPlatforms) = postSolution
		{DE99DD9A-BDC3-42A8-B67A-883093036F5C}.Debug|Any CPU.ActiveCfg = Debug|Any CPU
		{DE99DD9A-BDC3-42A8-B67A-883093036F5C}.Debug|Any CPU.Build.0 = Debug|Any CPU
		{DE99DD9A-BDC3-42A8-B67A-883093036F5C}.Release|Any CPU.ActiveCfg = Release|Any CPU
		{DE99DD9A-BDC3-42A8-B67A-883093036F5C}.Release|Any CPU.Build.0 = Release|Any CPU
		{CA3D3A30-19C4-4B11-9D4B-D851BD9D9B09}.Debug|Any CPU.ActiveCfg = Debug|Any CPU
		{CA3D3A30-19C4-4B11-9D4B-D851BD9D9B09}.Debug|Any CPU.Build.0 = Debug|Any CPU
		{CA3D3A30-19C4-4B11-9D4B-D851BD9D9B09}.Release|Any CPU.ActiveCfg = Release|Any CPU
		{CA3D3A30-19C4-4B11-9D4B-D851BD9D9B09}.Release|Any CPU.Build.0 = Release|Any CPU
		{2E239CC2-F18E-4CB2-A1D0-EBFF3C968FC3}.Debug|Any CPU.ActiveCfg = Debug|Any CPU
		{2E239CC2-F18E-4CB2-A1D0-EBFF3C968FC3}.Debug|Any CPU.Build.0 = Debug|Any CPU
		{2E239CC2-F18E-4CB2-A1D0-EBFF3C968FC3}.Release|Any CPU.ActiveCfg = Release|Any CPU
		{2E239CC2-F18E-4CB2-A1D0-EBFF3C968FC3}.Release|Any CPU.Build.0 = Release|Any CPU
		{7025F65F-23C1-468F-8C99-666A3B583DA3}.Debug|Any CPU.ActiveCfg = Debug|Any CPU
		{7025F65F-23C1-468F-8C99-666A3B583DA3}.Debug|Any CPU.Build.0 = Debug|Any CPU
		{7025F65F-23C1-468F-8C99-666A3B583DA3}.Release|Any CPU.ActiveCfg = Release|Any CPU
		{7025F65F-23C1-468F-8C99-666A3B583DA3}.Release|Any CPU.Build.0 = Release|Any CPU
	EndGlobalSection
	GlobalSection(SolutionProperties) = preSolution
		HideSolutionNode = FALSE
	EndGlobalSection
	GlobalSection(ExtensibilityGlobals) = postSolution
		SolutionGuid = {46C81282-A4E2-457F-B0B0-35BD98C75668}
	EndGlobalSection
EndGlobal
